{
  "name": "ProEventos",
  "lockfileVersion": 2,
  "requires": true,
  "packages": {
    "": {
      "dependencies": {
        "@fortawesome/angular-fontawesome": "^0.11.1",
        "bootstrap": "^4.6.2",
        "ngx-bootstrap": "^9.0.0"
      }
    },
    "node_modules/@angular/animations": {
      "version": "14.1.0",
      "resolved": "https://registry.npmjs.org/@angular/animations/-/animations-14.1.0.tgz",
      "integrity": "sha512-OhEXi1u/M4QyltDCxSqo7YzF7ELgNDWNqbbM7vtWIcrc4c+Yiu1GXhW/GQRosF3WAuQVfdQzEI0VTeNoo98Kvw==",
      "peer": true,
      "dependencies": {
        "tslib": "^2.3.0"
      },
      "engines": {
        "node": "^14.15.0 || >=16.10.0"
      },
      "peerDependencies": {
        "@angular/core": "14.1.0"
      }
    },
    "node_modules/@angular/common": {
      "version": "14.1.0",
      "resolved": "https://registry.npmjs.org/@angular/common/-/common-14.1.0.tgz",
      "integrity": "sha512-leethDtLbA3qySaOEBUto602DF0qH1maK9u2zHncrUFOpnHAYUEd7N9MFMdIYASurTnwOSglEoIDCML94qzImQ==",
      "peer": true,
      "dependencies": {
        "tslib": "^2.3.0"
      },
      "engines": {
        "node": "^14.15.0 || >=16.10.0"
      },
      "peerDependencies": {
        "@angular/core": "14.1.0",
        "rxjs": "^6.5.3 || ^7.4.0"
      }
    },
    "node_modules/@angular/core": {
      "version": "14.1.0",
      "resolved": "https://registry.npmjs.org/@angular/core/-/core-14.1.0.tgz",
      "integrity": "sha512-3quEsHmQifJOQ2oij5K+cjGjmhsKsyZI1+OTHWNZ6IXeuYviZv4U/Cui9fUJ1RN3CZxH3NzWB3gB/5qYFQfOgg==",
      "peer": true,
      "dependencies": {
        "tslib": "^2.3.0"
      },
      "engines": {
        "node": "^14.15.0 || >=16.10.0"
      },
      "peerDependencies": {
        "rxjs": "^6.5.3 || ^7.4.0",
        "zone.js": "~0.11.4"
      }
    },
    "node_modules/@angular/forms": {
      "version": "14.1.0",
      "resolved": "https://registry.npmjs.org/@angular/forms/-/forms-14.1.0.tgz",
      "integrity": "sha512-y7VQ2t+/ASEjzt8zXg4y5b03lMSPHmnhy4XzjDT14ZFrALaSxyhkSqoBfAksPkTeKmsFMnP/VgLboRsE8TLs0Q==",
      "peer": true,
      "dependencies": {
        "tslib": "^2.3.0"
      },
      "engines": {
        "node": "^14.15.0 || >=16.10.0"
      },
      "peerDependencies": {
        "@angular/common": "14.1.0",
        "@angular/core": "14.1.0",
        "@angular/platform-browser": "14.1.0",
        "rxjs": "^6.5.3 || ^7.4.0"
      }
    },
    "node_modules/@angular/platform-browser": {
      "version": "14.1.0",
      "resolved": "https://registry.npmjs.org/@angular/platform-browser/-/platform-browser-14.1.0.tgz",
      "integrity": "sha512-axNXUSqxsP0QSdNskd1pFo2uMo1UNoFaSAB02eDWwLkWQ1pWel+T78HiQY2bNeI3elgzjwPTT4vCCDQKNVTNig==",
      "peer": true,
      "dependencies": {
        "tslib": "^2.3.0"
      },
      "engines": {
        "node": "^14.15.0 || >=16.10.0"
      },
      "peerDependencies": {
        "@angular/animations": "14.1.0",
        "@angular/common": "14.1.0",
        "@angular/core": "14.1.0"
      },
      "peerDependenciesMeta": {
        "@angular/animations": {
          "optional": true
        }
      }
    },
    "node_modules/@fortawesome/angular-fontawesome": {
      "version": "0.11.1",
      "resolved": "https://registry.npmjs.org/@fortawesome/angular-fontawesome/-/angular-fontawesome-0.11.1.tgz",
      "integrity": "sha512-Ngzm5MVxk76ZhYpPTNOI/mpYNz9bzwfBXC5L9mktLgOONjBuYBPVt+bH8lny8hNtDk0ppZzXsMN6CO7hckdfnw==",
      "dependencies": {
        "tslib": "^2.4.0"
      },
      "peerDependencies": {
        "@angular/core": "^14.0.0",
        "@fortawesome/fontawesome-svg-core": "~1.2.27 || ~1.3.0-beta2 || ^6.1.0"
      }
    },
    "node_modules/@fortawesome/fontawesome-common-types": {
      "version": "6.1.2",
      "resolved": "https://registry.npmjs.org/@fortawesome/fontawesome-common-types/-/fontawesome-common-types-6.1.2.tgz",
      "integrity": "sha512-wBaAPGz1Awxg05e0PBRkDRuTsy4B3dpBm+zreTTyd9TH4uUM27cAL4xWyWR0rLJCrRwzVsQ4hF3FvM6rqydKPA==",
      "hasInstallScript": true,
      "peer": true,
      "engines": {
        "node": ">=6"
      }
    },
    "node_modules/@fortawesome/fontawesome-svg-core": {
      "version": "6.1.2",
      "resolved": "https://registry.npmjs.org/@fortawesome/fontawesome-svg-core/-/fontawesome-svg-core-6.1.2.tgz",
      "integrity": "sha512-853G/Htp0BOdXnPoeCPTjFrVwyrJHpe8MhjB/DYE9XjwhnNDfuBCd3aKc2YUYbEfHEcBws4UAA0kA9dymZKGjA==",
      "hasInstallScript": true,
      "peer": true,
      "dependencies": {
        "@fortawesome/fontawesome-common-types": "6.1.2"
      },
      "engines": {
        "node": ">=6"
      }
    },
    "node_modules/bootstrap": {
      "version": "4.6.2",
      "resolved": "https://registry.npmjs.org/bootstrap/-/bootstrap-4.6.2.tgz",
      "integrity": "sha512-51Bbp/Uxr9aTuy6ca/8FbFloBUJZLHwnhTcnjIeRn2suQWsWzcuJhGjKDB5eppVte/8oCdOL3VuwxvZDUggwGQ==",
      "funding": [
        {
          "type": "github",
          "url": "https://github.com/sponsors/twbs"
        },
        {
          "type": "opencollective",
          "url": "https://opencollective.com/bootstrap"
        }
      ],
      "peerDependencies": {
        "jquery": "1.9.1 - 3",
        "popper.js": "^1.16.1"
      }
    },
    "node_modules/jquery": {
      "version": "3.6.0",
      "resolved": "https://registry.npmjs.org/jquery/-/jquery-3.6.0.tgz",
      "integrity": "sha512-JVzAR/AjBvVt2BmYhxRCSYysDsPcssdmTFnzyLEts9qNwmjmu4JTAMYubEfwVOSwpQ1I1sKKFcxhZCI2buerfw==",
      "peer": true
    },
    "node_modules/ngx-bootstrap": {
      "version": "9.0.0",
      "resolved": "https://registry.npmjs.org/ngx-bootstrap/-/ngx-bootstrap-9.0.0.tgz",
      "integrity": "sha512-wVwKs1jIASzJrKSPUhOcHY8f39MKyG31SruJdVQ3S/v/PdBVmVuFUJL86Awc8F60di2xD9C4DzzGObkvsHbirw==",
      "dependencies": {
        "tslib": "^2.3.0"
      },
      "peerDependencies": {
        "@angular/animations": "^14.0.0",
        "@angular/common": "^14.0.0",
        "@angular/core": "^14.0.0",
        "@angular/forms": "^14.0.0",
        "rxjs": "^6.5.3 || ^7.4.0"
      }
    },
    "node_modules/popper.js": {
      "version": "1.16.1",
      "resolved": "https://registry.npmjs.org/popper.js/-/popper.js-1.16.1.tgz",
      "integrity": "sha512-Wb4p1J4zyFTbM+u6WuO4XstYx4Ky9Cewe4DWrel7B0w6VVICvPwdOpotjzcf6eD8TsckVnIMNONQyPIUFOUbCQ==",
      "deprecated": "You can find the new Popper v2 at @popperjs/core, this package is dedicated to the legacy v1",
      "peer": true,
      "funding": {
        "type": "opencollective",
        "url": "https://opencollective.com/popperjs"
      }
    },
    "node_modules/rxjs": {
      "version": "7.5.6",
      "resolved": "https://registry.npmjs.org/rxjs/-/rxjs-7.5.6.tgz",
      "integrity": "sha512-dnyv2/YsXhnm461G+R/Pe5bWP41Nm6LBXEYWI6eiFP4fiwx6WRI/CD0zbdVAudd9xwLEF2IDcKXLHit0FYjUzw==",
      "peer": true,
      "dependencies": {
        "tslib": "^2.1.0"
      }
    },
    "node_modules/tslib": {
      "version": "2.4.0",
      "resolved": "https://registry.npmjs.org/tslib/-/tslib-2.4.0.tgz",
      "integrity": "sha512-d6xOpEDfsi2CZVlPQzGeux8XMwLT9hssAsaPYExaQMuYskwb+x1x7J371tWlbBdWHroy99KnVB6qIkUbs5X3UQ=="
    },
    "node_modules/zone.js": {
      "version": "0.11.7",
      "resolved": "https://registry.npmjs.org/zone.js/-/zone.js-0.11.7.tgz",
      "integrity": "sha512-e39K2EdK5JfA3FDuUTVRvPlYV4aBfnOOcGuILhQAT7nzeV12uSrLBzImUM9CDVoncDSX4brR/gwqu0heQ3BQ0g==",
      "peer": true,
      "dependencies": {
        "tslib": "^2.3.0"
      }
    }
  },
  "dependencies": {
    "@angular/animations": {
      "version": "14.1.0",
      "resolved": "https://registry.npmjs.org/@angular/animations/-/animations-14.1.0.tgz",
      "integrity": "sha512-OhEXi1u/M4QyltDCxSqo7YzF7ELgNDWNqbbM7vtWIcrc4c+Yiu1GXhW/GQRosF3WAuQVfdQzEI0VTeNoo98Kvw==",
      "peer": true,
      "requires": {
        "tslib": "^2.3.0"
      }
    },
    "@angular/common": {
      "version": "14.1.0",
      "resolved": "https://registry.npmjs.org/@angular/common/-/common-14.1.0.tgz",
      "integrity": "sha512-leethDtLbA3qySaOEBUto602DF0qH1maK9u2zHncrUFOpnHAYUEd7N9MFMdIYASurTnwOSglEoIDCML94qzImQ==",
      "peer": true,
      "requires": {
        "tslib": "^2.3.0"
      }
    },
    "@angular/core": {
      "version": "14.1.0",
      "resolved": "https://registry.npmjs.org/@angular/core/-/core-14.1.0.tgz",
      "integrity": "sha512-3quEsHmQifJOQ2oij5K+cjGjmhsKsyZI1+OTHWNZ6IXeuYviZv4U/Cui9fUJ1RN3CZxH3NzWB3gB/5qYFQfOgg==",
      "peer": true,
      "requires": {
        "tslib": "^2.3.0"
      }
    },
    "@angular/forms": {
      "version": "14.1.0",
      "resolved": "https://registry.npmjs.org/@angular/forms/-/forms-14.1.0.tgz",
      "integrity": "sha512-y7VQ2t+/ASEjzt8zXg4y5b03lMSPHmnhy4XzjDT14ZFrALaSxyhkSqoBfAksPkTeKmsFMnP/VgLboRsE8TLs0Q==",
      "peer": true,
      "requires": {
        "tslib": "^2.3.0"
      }
    },
    "@angular/platform-browser": {
      "version": "14.1.0",
      "resolved": "https://registry.npmjs.org/@angular/platform-browser/-/platform-browser-14.1.0.tgz",
      "integrity": "sha512-axNXUSqxsP0QSdNskd1pFo2uMo1UNoFaSAB02eDWwLkWQ1pWel+T78HiQY2bNeI3elgzjwPTT4vCCDQKNVTNig==",
      "peer": true,
      "requires": {
        "tslib": "^2.3.0"
      }
    },
    "@fortawesome/angular-fontawesome": {
      "version": "0.11.1",
      "resolved": "https://registry.npmjs.org/@fortawesome/angular-fontawesome/-/angular-fontawesome-0.11.1.tgz",
      "integrity": "sha512-Ngzm5MVxk76ZhYpPTNOI/mpYNz9bzwfBXC5L9mktLgOONjBuYBPVt+bH8lny8hNtDk0ppZzXsMN6CO7hckdfnw==",
      "requires": {
        "tslib": "^2.4.0"
      }
    },
    "@fortawesome/fontawesome-common-types": {
      "version": "6.1.2",
      "resolved": "https://registry.npmjs.org/@fortawesome/fontawesome-common-types/-/fontawesome-common-types-6.1.2.tgz",
      "integrity": "sha512-wBaAPGz1Awxg05e0PBRkDRuTsy4B3dpBm+zreTTyd9TH4uUM27cAL4xWyWR0rLJCrRwzVsQ4hF3FvM6rqydKPA==",
      "peer": true
    },
    "@fortawesome/fontawesome-svg-core": {
      "version": "6.1.2",
      "resolved": "https://registry.npmjs.org/@fortawesome/fontawesome-svg-core/-/fontawesome-svg-core-6.1.2.tgz",
      "integrity": "sha512-853G/Htp0BOdXnPoeCPTjFrVwyrJHpe8MhjB/DYE9XjwhnNDfuBCd3aKc2YUYbEfHEcBws4UAA0kA9dymZKGjA==",
      "peer": true,
      "requires": {
        "@fortawesome/fontawesome-common-types": "6.1.2"
      }
    },
    "bootstrap": {
      "version": "4.6.2",
      "resolved": "https://registry.npmjs.org/bootstrap/-/bootstrap-4.6.2.tgz",
      "integrity": "sha512-51Bbp/Uxr9aTuy6ca/8FbFloBUJZLHwnhTcnjIeRn2suQWsWzcuJhGjKDB5eppVte/8oCdOL3VuwxvZDUggwGQ==",
      "requires": {}
    },
    "jquery": {
      "version": "3.6.0",
      "resolved": "https://registry.npmjs.org/jquery/-/jquery-3.6.0.tgz",
      "integrity": "sha512-JVzAR/AjBvVt2BmYhxRCSYysDsPcssdmTFnzyLEts9qNwmjmu4JTAMYubEfwVOSwpQ1I1sKKFcxhZCI2buerfw==",
      "peer": true
    },
    "ngx-bootstrap": {
      "version": "9.0.0",
      "resolved": "https://registry.npmjs.org/ngx-bootstrap/-/ngx-bootstrap-9.0.0.tgz",
      "integrity": "sha512-wVwKs1jIASzJrKSPUhOcHY8f39MKyG31SruJdVQ3S/v/PdBVmVuFUJL86Awc8F60di2xD9C4DzzGObkvsHbirw==",
      "requires": {
        "tslib": "^2.3.0"
      }
    },
    "popper.js": {
      "version": "1.16.1",
      "resolved": "https://registry.npmjs.org/popper.js/-/popper.js-1.16.1.tgz",
      "integrity": "sha512-Wb4p1J4zyFTbM+u6WuO4XstYx4Ky9Cewe4DWrel7B0w6VVICvPwdOpotjzcf6eD8TsckVnIMNONQyPIUFOUbCQ==",
      "peer": true
    },
    "rxjs": {
      "version": "7.5.6",
      "resolved": "https://registry.npmjs.org/rxjs/-/rxjs-7.5.6.tgz",
      "integrity": "sha512-dnyv2/YsXhnm461G+R/Pe5bWP41Nm6LBXEYWI6eiFP4fiwx6WRI/CD0zbdVAudd9xwLEF2IDcKXLHit0FYjUzw==",
      "peer": true,
      "requires": {
        "tslib": "^2.1.0"
      }
    },
    "tslib": {
      "version": "2.4.0",
      "resolved": "https://registry.npmjs.org/tslib/-/tslib-2.4.0.tgz",
      "integrity": "sha512-d6xOpEDfsi2CZVlPQzGeux8XMwLT9hssAsaPYExaQMuYskwb+x1x7J371tWlbBdWHroy99KnVB6qIkUbs5X3UQ=="
    },
    "zone.js": {
      "version": "0.11.7",
      "resolved": "https://registry.npmjs.org/zone.js/-/zone.js-0.11.7.tgz",
      "integrity": "sha512-e39K2EdK5JfA3FDuUTVRvPlYV4aBfnOOcGuILhQAT7nzeV12uSrLBzImUM9CDVoncDSX4brR/gwqu0heQ3BQ0g==",
      "peer": true,
      "requires": {
        "tslib": "^2.3.0"
      }
    }
  }
}
